
Microsoft Visual Studio Solution File, Format Version 12.00
# Visual Studio Version 16
VisualStudioVersion = 16.0.31624.102
MinimumVisualStudioVersion = 10.0.40219.1
Project("{2150E333-8FDC-42A3-9474-1A3956D46DE8}") = "Scripts", "Scripts", "{6556CB26-738C-44CE-BC47-29A44E9097AE}"
	ProjectSection(SolutionItems) = preProject
		create database.sql = create database.sql
	EndProjectSection
EndProject
Project("{FAE04EC0-301F-11D3-BF4B-00C04F79EFBC}") = "TodoWebForm", "TodoWebForm\TodoWebForm.csproj", "{2040C476-C248-46C2-BF4E-3FEB4A59B10A}"
EndProject
Project("{9A19103F-16F7-4668-BE54-9A1E7A4F7556}") = "TodoNetCore", "TodoNetCore\TodoNetCore.csproj", "{BA7777F3-236A-4328-9432-0D320DD8CF8A}"
EndProject
Global
	GlobalSection(SolutionConfigurationPlatforms) = preSolution
		Debug|Any CPU = Debug|Any CPU
		Release|Any CPU = Release|Any CPU
	EndGlobalSection
	GlobalSection(ProjectConfigurationPlatforms) = postSolution
		{2040C476-C248-46C2-BF4E-3FEB4A59B10A}.Debug|Any CPU.ActiveCfg = Debug|Any CPU
		{2040C476-C248-46C2-BF4E-3FEB4A59B10A}.Debug|Any CPU.Build.0 = Debug|Any CPU
		{2040C476-C248-46C2-BF4E-3FEB4A59B10A}.Release|Any CPU.ActiveCfg = Release|Any CPU
		{2040C476-C248-46C2-BF4E-3FEB4A59B10A}.Release|Any CPU.Build.0 = Release|Any CPU
		{BA7777F3-236A-4328-9432-0D320DD8CF8A}.Debug|Any CPU.ActiveCfg = Debug|Any CPU
		{BA7777F3-236A-4328-9432-0D320DD8CF8A}.Debug|Any CPU.Build.0 = Debug|Any CPU
		{BA7777F3-236A-4328-9432-0D320DD8CF8A}.Release|Any CPU.ActiveCfg = Release|Any CPU
		{BA7777F3-236A-4328-9432-0D320DD8CF8A}.Release|Any CPU.Build.0 = Release|Any CPU
	EndGlobalSection
	GlobalSection(SolutionProperties) = preSolution
		HideSolutionNode = FALSE
	EndGlobalSection
	GlobalSection(ExtensibilityGlobals) = postSolution
		SolutionGuid = {09F7E9B6-76A0-4F78-9261-12A71E6DAEA3}
	EndGlobalSection
EndGlobal
